
Microsoft Visual Studio Solution File, Format Version 12.00
# Visual Studio Version 17
VisualStudioVersion = 17.9.34607.119
MinimumVisualStudioVersion = 10.0.40219.1
Project("{FAE04EC0-301F-11D3-BF4B-00C04F79EFBC}") = "SistemaDeAprendizaje2", "SistemaDeAprendizaje2.csproj", "{847E24AF-4143-460F-9704-6233D2ECE0AD}"
EndProject
Global
	GlobalSection(SolutionConfigurationPlatforms) = preSolution
		Debug|Any CPU = Debug|Any CPU
		Release|Any CPU = Release|Any CPU
	EndGlobalSection
	GlobalSection(ProjectConfigurationPlatforms) = postSolution
		{847E24AF-4143-460F-9704-6233D2ECE0AD}.Debug|Any CPU.ActiveCfg = Debug|Any CPU
		{847E24AF-4143-460F-9704-6233D2ECE0AD}.Debug|Any CPU.Build.0 = Debug|Any CPU
		{847E24AF-4143-460F-9704-6233D2ECE0AD}.Release|Any CPU.ActiveCfg = Release|Any CPU
		{847E24AF-4143-460F-9704-6233D2ECE0AD}.Release|Any CPU.Build.0 = Release|Any CPU
	EndGlobalSection
	GlobalSection(SolutionProperties) = preSolution
		HideSolutionNode = FALSE
	EndGlobalSection
	GlobalSection(ExtensibilityGlobals) = postSolution
		SolutionGuid = {24A1F2D8-F7B5-4DB3-AE1D-67E5B003AB52}
	EndGlobalSection
EndGlobal
